
Microsoft Visual Studio Solution File, Format Version 11.00
# Visual Studio 2010
Project("{FAE04EC0-301F-11D3-BF4B-00C04F79EFBC}") = "MyApp.WebView", "MyApp.WebView\MyApp.WebView.csproj", "{1530A71C-FADA-4C75-9894-BD1953D9CF2B}"
EndProject
Project("{FAE04EC0-301F-11D3-BF4B-00C04F79EFBC}") = "MyApp.Domain", "MyApp.Domain\MyApp.Domain.csproj", "{832425AA-CFAA-4FC4-9C8A-23897C577B59}"
EndProject
Project("{FAE04EC0-301F-11D3-BF4B-00C04F79EFBC}") = "MyApp.Specifications", "MyApp.Specifications\MyApp.Specifications.csproj", "{E48AFEF8-1386-4711-BE2A-5C8F0FAF3477}"
EndProject
Project("{FAE04EC0-301F-11D3-BF4B-00C04F79EFBC}") = "MyApp.Infrastructure", "MyApp.Infrastructure\MyApp.Infrastructure.csproj", "{7C70A7F2-B950-4130-A96D-0C436786ACC9}"
EndProject
Project("{FAE04EC0-301F-11D3-BF4B-00C04F79EFBC}") = "MyApp.Tasks", "MyApp.Tasks\MyApp.Tasks.csproj", "{A088EB49-4E24-470F-9BE2-8980D6C1CDEF}"
EndProject
Project("{FAE04EC0-301F-11D3-BF4B-00C04F79EFBC}") = "MyApp.WebCore", "MyApp.WebCore\MyApp.WebCore.csproj", "{95FED395-F250-4EFB-8C8F-1F2742DDF1AD}"
EndProject
Project("{FAE04EC0-301F-11D3-BF4B-00C04F79EFBC}") = "MyApp.Framework", "MyApp.Framework\MyApp.Framework.csproj", "{20EF78CD-FC51-479A-A890-BF071B59EA10}"
EndProject
Project("{2150E333-8FDC-42A3-9474-1A3956D46DE8}") = "Domain", "Domain", "{F16C6D81-9666-4EDC-BE37-5E793BA11C65}"
EndProject
Project("{2150E333-8FDC-42A3-9474-1A3956D46DE8}") = "Presentation", "Presentation", "{491DCA15-F3EE-4CE2-B68C-2058C2D77305}"
EndProject
Project("{2150E333-8FDC-42A3-9474-1A3956D46DE8}") = "Infrastructure", "Infrastructure", "{DB9C1205-140E-4714-AF2C-0FB306DEB991}"
EndProject
Project("{2150E333-8FDC-42A3-9474-1A3956D46DE8}") = "Tasks", "Tasks", "{30D32407-DD7A-42B1-810C-6D04665101D5}"
EndProject
Project("{2150E333-8FDC-42A3-9474-1A3956D46DE8}") = "Specifications", "Specifications", "{4B846851-3619-48C5-ADDB-64DB74D0E5D6}"
EndProject
Global
	GlobalSection(SolutionConfigurationPlatforms) = preSolution
		Debug|Any CPU = Debug|Any CPU
		Release|Any CPU = Release|Any CPU
	EndGlobalSection
	GlobalSection(ProjectConfigurationPlatforms) = postSolution
		{1530A71C-FADA-4C75-9894-BD1953D9CF2B}.Debug|Any CPU.ActiveCfg = Debug|Any CPU
		{1530A71C-FADA-4C75-9894-BD1953D9CF2B}.Debug|Any CPU.Build.0 = Debug|Any CPU
		{1530A71C-FADA-4C75-9894-BD1953D9CF2B}.Release|Any CPU.ActiveCfg = Release|Any CPU
		{1530A71C-FADA-4C75-9894-BD1953D9CF2B}.Release|Any CPU.Build.0 = Release|Any CPU
		{832425AA-CFAA-4FC4-9C8A-23897C577B59}.Debug|Any CPU.ActiveCfg = Debug|Any CPU
		{832425AA-CFAA-4FC4-9C8A-23897C577B59}.Debug|Any CPU.Build.0 = Debug|Any CPU
		{832425AA-CFAA-4FC4-9C8A-23897C577B59}.Release|Any CPU.ActiveCfg = Release|Any CPU
		{832425AA-CFAA-4FC4-9C8A-23897C577B59}.Release|Any CPU.Build.0 = Release|Any CPU
		{E48AFEF8-1386-4711-BE2A-5C8F0FAF3477}.Debug|Any CPU.ActiveCfg = Debug|Any CPU
		{E48AFEF8-1386-4711-BE2A-5C8F0FAF3477}.Debug|Any CPU.Build.0 = Debug|Any CPU
		{E48AFEF8-1386-4711-BE2A-5C8F0FAF3477}.Release|Any CPU.ActiveCfg = Release|Any CPU
		{E48AFEF8-1386-4711-BE2A-5C8F0FAF3477}.Release|Any CPU.Build.0 = Release|Any CPU
		{7C70A7F2-B950-4130-A96D-0C436786ACC9}.Debug|Any CPU.ActiveCfg = Debug|Any CPU
		{7C70A7F2-B950-4130-A96D-0C436786ACC9}.Debug|Any CPU.Build.0 = Debug|Any CPU
		{7C70A7F2-B950-4130-A96D-0C436786ACC9}.Release|Any CPU.ActiveCfg = Release|Any CPU
		{7C70A7F2-B950-4130-A96D-0C436786ACC9}.Release|Any CPU.Build.0 = Release|Any CPU
		{A088EB49-4E24-470F-9BE2-8980D6C1CDEF}.Debug|Any CPU.ActiveCfg = Debug|Any CPU
		{A088EB49-4E24-470F-9BE2-8980D6C1CDEF}.Debug|Any CPU.Build.0 = Debug|Any CPU
		{A088EB49-4E24-470F-9BE2-8980D6C1CDEF}.Release|Any CPU.ActiveCfg = Release|Any CPU
		{A088EB49-4E24-470F-9BE2-8980D6C1CDEF}.Release|Any CPU.Build.0 = Release|Any CPU
		{95FED395-F250-4EFB-8C8F-1F2742DDF1AD}.Debug|Any CPU.ActiveCfg = Debug|Any CPU
		{95FED395-F250-4EFB-8C8F-1F2742DDF1AD}.Debug|Any CPU.Build.0 = Debug|Any CPU
		{95FED395-F250-4EFB-8C8F-1F2742DDF1AD}.Release|Any CPU.ActiveCfg = Release|Any CPU
		{95FED395-F250-4EFB-8C8F-1F2742DDF1AD}.Release|Any CPU.Build.0 = Release|Any CPU
		{20EF78CD-FC51-479A-A890-BF071B59EA10}.Debug|Any CPU.ActiveCfg = Debug|Any CPU
		{20EF78CD-FC51-479A-A890-BF071B59EA10}.Debug|Any CPU.Build.0 = Debug|Any CPU
		{20EF78CD-FC51-479A-A890-BF071B59EA10}.Release|Any CPU.ActiveCfg = Release|Any CPU
		{20EF78CD-FC51-479A-A890-BF071B59EA10}.Release|Any CPU.Build.0 = Release|Any CPU
	EndGlobalSection
	GlobalSection(SolutionProperties) = preSolution
		HideSolutionNode = FALSE
	EndGlobalSection
	GlobalSection(NestedProjects) = preSolution
		{832425AA-CFAA-4FC4-9C8A-23897C577B59} = {F16C6D81-9666-4EDC-BE37-5E793BA11C65}
		{20EF78CD-FC51-479A-A890-BF071B59EA10} = {F16C6D81-9666-4EDC-BE37-5E793BA11C65}
		{95FED395-F250-4EFB-8C8F-1F2742DDF1AD} = {491DCA15-F3EE-4CE2-B68C-2058C2D77305}
		{1530A71C-FADA-4C75-9894-BD1953D9CF2B} = {491DCA15-F3EE-4CE2-B68C-2058C2D77305}
		{7C70A7F2-B950-4130-A96D-0C436786ACC9} = {DB9C1205-140E-4714-AF2C-0FB306DEB991}
		{A088EB49-4E24-470F-9BE2-8980D6C1CDEF} = {30D32407-DD7A-42B1-810C-6D04665101D5}
		{E48AFEF8-1386-4711-BE2A-5C8F0FAF3477} = {4B846851-3619-48C5-ADDB-64DB74D0E5D6}
	EndGlobalSection
EndGlobal
